
Microsoft Visual Studio Solution File, Format Version 12.00
# Visual Studio Version 17
VisualStudioVersion = 17.4.33213.308
MinimumVisualStudioVersion = 10.0.40219.1
Project("{FAE04EC0-301F-11D3-BF4B-00C04F79EFBC}") = "NyttGitProjekt", "NyttGitProjekt.csproj", "{D5920B10-EA3C-4D73-ACD1-0B389DE695C1}"
EndProject
Global
	GlobalSection(SolutionConfigurationPlatforms) = preSolution
		Debug|Any CPU = Debug|Any CPU
		Release|Any CPU = Release|Any CPU
	EndGlobalSection
	GlobalSection(ProjectConfigurationPlatforms) = postSolution
		{D5920B10-EA3C-4D73-ACD1-0B389DE695C1}.Debug|Any CPU.ActiveCfg = Debug|Any CPU
		{D5920B10-EA3C-4D73-ACD1-0B389DE695C1}.Debug|Any CPU.Build.0 = Debug|Any CPU
		{D5920B10-EA3C-4D73-ACD1-0B389DE695C1}.Release|Any CPU.ActiveCfg = Release|Any CPU
		{D5920B10-EA3C-4D73-ACD1-0B389DE695C1}.Release|Any CPU.Build.0 = Release|Any CPU
	EndGlobalSection
	GlobalSection(SolutionProperties) = preSolution
		HideSolutionNode = FALSE
	EndGlobalSection
	GlobalSection(ExtensibilityGlobals) = postSolution
		SolutionGuid = {F2A141FF-14B4-4F15-A6A3-E91450A97969}
	EndGlobalSection
EndGlobal
